{
  "name": "kg-suite-multi-vertical-conformance",
  "version": "0.1.0",
  "lockfileVersion": 3,
  "requires": true,
  "packages": {
    "": {
      "name": "kg-suite-multi-vertical-conformance",
      "version": "0.1.0",
      "license": "MIT",
      "bin": {
        "kg-suite-multi-conformance": "src/cli.mjs"
      }
    }
  }
}
